// !$*UTF8*$!
{
	archiveVersion = 1;
	classes = {
	};
	objectVersion = 56;
	objects = {

/* Begin PBXBuildFile section */
		7490178E2B0A4BB0003968BC /* AppDelegate.swift in Sources */ = {isa = PBXBuildFile; fileRef = 7490178D2B0A4BB0003968BC /* AppDelegate.swift */; };
		749017902B0A4BB0003968BC /* SceneDelegate.swift in Sources */ = {isa = PBXBuildFile; fileRef = 7490178F2B0A4BB0003968BC /* SceneDelegate.swift */; };
		749017922B0A4BB0003968BC /* HomeViewController.swift in Sources */ = {isa = PBXBuildFile; fileRef = 749017912B0A4BB0003968BC /* HomeViewController.swift */; };
		749017972B0A4BB2003968BC /* Assets.xcassets in Resources */ = {isa = PBXBuildFile; fileRef = 749017962B0A4BB2003968BC /* Assets.xcassets */; };
		7490179A2B0A4BB2003968BC /* LaunchScreen.storyboard in Resources */ = {isa = PBXBuildFile; fileRef = 749017982B0A4BB2003968BC /* LaunchScreen.storyboard */; };
		749017A52B0A4BB3003968BC /* NYC_SchoolsTests.swift in Sources */ = {isa = PBXBuildFile; fileRef = 749017A42B0A4BB3003968BC /* NYC_SchoolsTests.swift */; };
		749017AF2B0A4BB3003968BC /* NYC_SchoolsUITests.swift in Sources */ = {isa = PBXBuildFile; fileRef = 749017AE2B0A4BB3003968BC /* NYC_SchoolsUITests.swift */; };
		749017B12B0A4BB3003968BC /* NYC_SchoolsUITestsLaunchTests.swift in Sources */ = {isa = PBXBuildFile; fileRef = 749017B02B0A4BB3003968BC /* NYC_SchoolsUITestsLaunchTests.swift */; };
		749017C32B0A52CD003968BC /* HomeViewModel.swift in Sources */ = {isa = PBXBuildFile; fileRef = 749017C22B0A52CD003968BC /* HomeViewModel.swift */; };
		749017C52B0A52DE003968BC /* HomeViewCoordinator.swift in Sources */ = {isa = PBXBuildFile; fileRef = 749017C42B0A52DE003968BC /* HomeViewCoordinator.swift */; };
		749017C72B0A541C003968BC /* HomeView.swift in Sources */ = {isa = PBXBuildFile; fileRef = 749017C62B0A541C003968BC /* HomeView.swift */; };
		749017CA2B0A55E5003968BC /* SwiftUICoordinator.swift in Sources */ = {isa = PBXBuildFile; fileRef = 749017C92B0A55E5003968BC /* SwiftUICoordinator.swift */; };
		749017CE2B0A58E8003968BC /* Localizable.strings in Resources */ = {isa = PBXBuildFile; fileRef = 749017D02B0A58E8003968BC /* Localizable.strings */; };
		749017D22B0A5EE5003968BC /* Localisation.swift in Sources */ = {isa = PBXBuildFile; fileRef = 749017D12B0A5EE5003968BC /* Localisation.swift */; };
		749017D82B0A8459003968BC /* schoolsData.json in Resources */ = {isa = PBXBuildFile; fileRef = 749017D62B0A8459003968BC /* schoolsData.json */; };
		749017D92B0A8459003968BC /* scoresData.json in Resources */ = {isa = PBXBuildFile; fileRef = 749017D72B0A8459003968BC /* scoresData.json */; };
/* End PBXBuildFile section */

/* Begin PBXContainerItemProxy section */
		749017A12B0A4BB3003968BC /* PBXContainerItemProxy */ = {
			isa = PBXContainerItemProxy;
			containerPortal = 749017822B0A4BB0003968BC /* Project object */;
			proxyType = 1;
			remoteGlobalIDString = 749017892B0A4BB0003968BC;
			remoteInfo = "NYC-Schools";
		};
		749017AB2B0A4BB3003968BC /* PBXContainerItemProxy */ = {
			isa = PBXContainerItemProxy;
			containerPortal = 749017822B0A4BB0003968BC /* Project object */;
			proxyType = 1;
			remoteGlobalIDString = 749017892B0A4BB0003968BC;
			remoteInfo = "NYC-Schools";
		};
/* End PBXContainerItemProxy section */

/* Begin PBXFileReference section */
		7490178A2B0A4BB0003968BC /* NYC-Schools.app */ = {isa = PBXFileReference; explicitFileType = wrapper.application; includeInIndex = 0; path = "NYC-Schools.app"; sourceTree = BUILT_PRODUCTS_DIR; };
		7490178D2B0A4BB0003968BC /* AppDelegate.swift */ = {isa = PBXFileReference; lastKnownFileType = sourcecode.swift; path = AppDelegate.swift; sourceTree = "<group>"; };
		7490178F2B0A4BB0003968BC /* SceneDelegate.swift */ = {isa = PBXFileReference; lastKnownFileType = sourcecode.swift; path = SceneDelegate.swift; sourceTree = "<group>"; };
		749017912B0A4BB0003968BC /* HomeViewController.swift */ = {isa = PBXFileReference; lastKnownFileType = sourcecode.swift; path = HomeViewController.swift; sourceTree = "<group>"; };
		749017962B0A4BB2003968BC /* Assets.xcassets */ = {isa = PBXFileReference; lastKnownFileType = folder.assetcatalog; path = Assets.xcassets; sourceTree = "<group>"; };
		749017992B0A4BB2003968BC /* Base */ = {isa = PBXFileReference; lastKnownFileType = file.storyboard; name = Base; path = Base.lproj/LaunchScreen.storyboard; sourceTree = "<group>"; };
		7490179B2B0A4BB2003968BC /* Info.plist */ = {isa = PBXFileReference; lastKnownFileType = text.plist.xml; path = Info.plist; sourceTree = "<group>"; };
		749017A02B0A4BB3003968BC /* NYC-SchoolsTests.xctest */ = {isa = PBXFileReference; explicitFileType = wrapper.cfbundle; includeInIndex = 0; path = "NYC-SchoolsTests.xctest"; sourceTree = BUILT_PRODUCTS_DIR; };
		749017A42B0A4BB3003968BC /* NYC_SchoolsTests.swift */ = {isa = PBXFileReference; lastKnownFileType = sourcecode.swift; path = NYC_SchoolsTests.swift; sourceTree = "<group>"; };
		749017AA2B0A4BB3003968BC /* NYC-SchoolsUITests.xctest */ = {isa = PBXFileReference; explicitFileType = wrapper.cfbundle; includeInIndex = 0; path = "NYC-SchoolsUITests.xctest"; sourceTree = BUILT_PRODUCTS_DIR; };
		749017AE2B0A4BB3003968BC /* NYC_SchoolsUITests.swift */ = {isa = PBXFileReference; lastKnownFileType = sourcecode.swift; path = NYC_SchoolsUITests.swift; sourceTree = "<group>"; };
		749017B02B0A4BB3003968BC /* NYC_SchoolsUITestsLaunchTests.swift */ = {isa = PBXFileReference; lastKnownFileType = sourcecode.swift; path = NYC_SchoolsUITestsLaunchTests.swift; sourceTree = "<group>"; };
		749017C22B0A52CD003968BC /* HomeViewModel.swift */ = {isa = PBXFileReference; lastKnownFileType = sourcecode.swift; path = HomeViewModel.swift; sourceTree = "<group>"; };
		749017C42B0A52DE003968BC /* HomeViewCoordinator.swift */ = {isa = PBXFileReference; lastKnownFileType = sourcecode.swift; path = HomeViewCoordinator.swift; sourceTree = "<group>"; };
		749017C62B0A541C003968BC /* HomeView.swift */ = {isa = PBXFileReference; lastKnownFileType = sourcecode.swift; path = HomeView.swift; sourceTree = "<group>"; };
		749017C92B0A55E5003968BC /* SwiftUICoordinator.swift */ = {isa = PBXFileReference; lastKnownFileType = sourcecode.swift; path = SwiftUICoordinator.swift; sourceTree = "<group>"; };
		749017CF2B0A58E8003968BC /* en */ = {isa = PBXFileReference; lastKnownFileType = text.plist.strings; name = en; path = en.lproj/Localizable.strings; sourceTree = "<group>"; };
		749017D12B0A5EE5003968BC /* Localisation.swift */ = {isa = PBXFileReference; lastKnownFileType = sourcecode.swift; path = Localisation.swift; sourceTree = "<group>"; };
		749017D62B0A8459003968BC /* schoolsData.json */ = {isa = PBXFileReference; fileEncoding = 4; lastKnownFileType = text.json; path = schoolsData.json; sourceTree = "<group>"; };
		749017D72B0A8459003968BC /* scoresData.json */ = {isa = PBXFileReference; fileEncoding = 4; lastKnownFileType = text.json; path = scoresData.json; sourceTree = "<group>"; };
/* End PBXFileReference section */

/* Begin PBXFrameworksBuildPhase section */
		749017872B0A4BB0003968BC /* Frameworks */ = {
			isa = PBXFrameworksBuildPhase;
			buildActionMask = 2147483647;
			files = (
			);
			runOnlyForDeploymentPostprocessing = 0;
		};
		7490179D2B0A4BB3003968BC /* Frameworks */ = {
			isa = PBXFrameworksBuildPhase;
			buildActionMask = 2147483647;
			files = (
			);
			runOnlyForDeploymentPostprocessing = 0;
		};
		749017A72B0A4BB3003968BC /* Frameworks */ = {
			isa = PBXFrameworksBuildPhase;
			buildActionMask = 2147483647;
			files = (
			);
			runOnlyForDeploymentPostprocessing = 0;
		};
/* End PBXFrameworksBuildPhase section */

/* Begin PBXGroup section */
		749017812B0A4BB0003968BC = {
			isa = PBXGroup;
			children = (
				7490178C2B0A4BB0003968BC /* NYC-Schools */,
				749017A32B0A4BB3003968BC /* NYC-SchoolsTests */,
				749017AD2B0A4BB3003968BC /* NYC-SchoolsUITests */,
				7490178B2B0A4BB0003968BC /* Products */,
			);
			sourceTree = "<group>";
		};
		7490178B2B0A4BB0003968BC /* Products */ = {
			isa = PBXGroup;
			children = (
				7490178A2B0A4BB0003968BC /* NYC-Schools.app */,
				749017A02B0A4BB3003968BC /* NYC-SchoolsTests.xctest */,
				749017AA2B0A4BB3003968BC /* NYC-SchoolsUITests.xctest */,
			);
			name = Products;
			sourceTree = "<group>";
		};
		7490178C2B0A4BB0003968BC /* NYC-Schools */ = {
			isa = PBXGroup;
			children = (
				749017C82B0A557C003968BC /* AppFlow */,
				749017BF2B0A4D1C003968BC /* Home */,
				749017CB2B0A560F003968BC /* Protocol */,
				7490179B2B0A4BB2003968BC /* Info.plist */,
				749017D42B0A8347003968BC /* Resources */,
			);
			path = "NYC-Schools";
			sourceTree = "<group>";
		};
		749017A32B0A4BB3003968BC /* NYC-SchoolsTests */ = {
			isa = PBXGroup;
			children = (
				749017A42B0A4BB3003968BC /* NYC_SchoolsTests.swift */,
			);
			path = "NYC-SchoolsTests";
			sourceTree = "<group>";
		};
		749017AD2B0A4BB3003968BC /* NYC-SchoolsUITests */ = {
			isa = PBXGroup;
			children = (
				749017AE2B0A4BB3003968BC /* NYC_SchoolsUITests.swift */,
				749017B02B0A4BB3003968BC /* NYC_SchoolsUITestsLaunchTests.swift */,
			);
			path = "NYC-SchoolsUITests";
			sourceTree = "<group>";
		};
		749017BF2B0A4D1C003968BC /* Home */ = {
			isa = PBXGroup;
			children = (
				749017912B0A4BB0003968BC /* HomeViewController.swift */,
				749017C22B0A52CD003968BC /* HomeViewModel.swift */,
				749017C42B0A52DE003968BC /* HomeViewCoordinator.swift */,
				749017C62B0A541C003968BC /* HomeView.swift */,
			);
			path = Home;
			sourceTree = "<group>";
		};
		749017C82B0A557C003968BC /* AppFlow */ = {
			isa = PBXGroup;
			children = (
				7490178D2B0A4BB0003968BC /* AppDelegate.swift */,
				7490178F2B0A4BB0003968BC /* SceneDelegate.swift */,
			);
			path = AppFlow;
			sourceTree = "<group>";
		};
		749017CB2B0A560F003968BC /* Protocol */ = {
			isa = PBXGroup;
			children = (
				749017C92B0A55E5003968BC /* SwiftUICoordinator.swift */,
			);
			path = Protocol;
			sourceTree = "<group>";
		};
		749017D32B0A8305003968BC /* Localisation */ = {
			isa = PBXGroup;
			children = (
				749017D12B0A5EE5003968BC /* Localisation.swift */,
				749017D02B0A58E8003968BC /* Localizable.strings */,
			);
			path = Localisation;
			sourceTree = "<group>";
		};
		749017D42B0A8347003968BC /* Resources */ = {
			isa = PBXGroup;
			children = (
				749017D52B0A8459003968BC /* JSON */,
				749017D32B0A8305003968BC /* Localisation */,
				749017982B0A4BB2003968BC /* LaunchScreen.storyboard */,
				749017962B0A4BB2003968BC /* Assets.xcassets */,
			);
			path = Resources;
			sourceTree = "<group>";
		};
		749017D52B0A8459003968BC /* JSON */ = {
			isa = PBXGroup;
			children = (
				749017D62B0A8459003968BC /* schoolsData.json */,
				749017D72B0A8459003968BC /* scoresData.json */,
			);
			path = JSON;
			sourceTree = "<group>";
		};
/* End PBXGroup section */

/* Begin PBXNativeTarget section */
		749017892B0A4BB0003968BC /* NYC-Schools */ = {
			isa = PBXNativeTarget;
			buildConfigurationList = 749017B42B0A4BB3003968BC /* Build configuration list for PBXNativeTarget "NYC-Schools" */;
			buildPhases = (
				749017862B0A4BB0003968BC /* Sources */,
				749017872B0A4BB0003968BC /* Frameworks */,
				749017882B0A4BB0003968BC /* Resources */,
			);
			buildRules = (
			);
			dependencies = (
			);
			name = "NYC-Schools";
			productName = "NYC-Schools";
			productReference = 7490178A2B0A4BB0003968BC /* NYC-Schools.app */;
			productType = "com.apple.product-type.application";
		};
		7490179F2B0A4BB3003968BC /* NYC-SchoolsTests */ = {
			isa = PBXNativeTarget;
			buildConfigurationList = 749017B72B0A4BB3003968BC /* Build configuration list for PBXNativeTarget "NYC-SchoolsTests" */;
			buildPhases = (
				7490179C2B0A4BB3003968BC /* Sources */,
				7490179D2B0A4BB3003968BC /* Frameworks */,
				7490179E2B0A4BB3003968BC /* Resources */,
			);
			buildRules = (
			);
			dependencies = (
				749017A22B0A4BB3003968BC /* PBXTargetDependency */,
			);
			name = "NYC-SchoolsTests";
			productName = "NYC-SchoolsTests";
			productReference = 749017A02B0A4BB3003968BC /* NYC-SchoolsTests.xctest */;
			productType = "com.apple.product-type.bundle.unit-test";
		};
		749017A92B0A4BB3003968BC /* NYC-SchoolsUITests */ = {
			isa = PBXNativeTarget;
			buildConfigurationList = 749017BA2B0A4BB3003968BC /* Build configuration list for PBXNativeTarget "NYC-SchoolsUITests" */;
			buildPhases = (
				749017A62B0A4BB3003968BC /* Sources */,
				749017A72B0A4BB3003968BC /* Frameworks */,
				749017A82B0A4BB3003968BC /* Resources */,
			);
			buildRules = (
			);
			dependencies = (
				749017AC2B0A4BB3003968BC /* PBXTargetDependency */,
			);
			name = "NYC-SchoolsUITests";
			productName = "NYC-SchoolsUITests";
			productReference = 749017AA2B0A4BB3003968BC /* NYC-SchoolsUITests.xctest */;
			productType = "com.apple.product-type.bundle.ui-testing";
		};
/* End PBXNativeTarget section */

/* Begin PBXProject section */
		749017822B0A4BB0003968BC /* Project object */ = {
			isa = PBXProject;
			attributes = {
				BuildIndependentTargetsInParallel = 1;
				LastSwiftUpdateCheck = 1410;
				LastUpgradeCheck = 1410;
				TargetAttributes = {
					749017892B0A4BB0003968BC = {
						CreatedOnToolsVersion = 14.1;
					};
					7490179F2B0A4BB3003968BC = {
						CreatedOnToolsVersion = 14.1;
						TestTargetID = 749017892B0A4BB0003968BC;
					};
					749017A92B0A4BB3003968BC = {
						CreatedOnToolsVersion = 14.1;
						TestTargetID = 749017892B0A4BB0003968BC;
					};
				};
			};
			buildConfigurationList = 749017852B0A4BB0003968BC /* Build configuration list for PBXProject "NYC-Schools" */;
			compatibilityVersion = "Xcode 14.0";
			developmentRegion = en;
			hasScannedForEncodings = 0;
			knownRegions = (
				en,
				Base,
			);
			mainGroup = 749017812B0A4BB0003968BC;
			productRefGroup = 7490178B2B0A4BB0003968BC /* Products */;
			projectDirPath = "";
			projectRoot = "";
			targets = (
				749017892B0A4BB0003968BC /* NYC-Schools */,
				7490179F2B0A4BB3003968BC /* NYC-SchoolsTests */,
				749017A92B0A4BB3003968BC /* NYC-SchoolsUITests */,
			);
		};
/* End PBXProject section */

/* Begin PBXResourcesBuildPhase section */
		749017882B0A4BB0003968BC /* Resources */ = {
			isa = PBXResourcesBuildPhase;
			buildActionMask = 2147483647;
			files = (
				7490179A2B0A4BB2003968BC /* LaunchScreen.storyboard in Resources */,
				749017CE2B0A58E8003968BC /* Localizable.strings in Resources */,
				749017D92B0A8459003968BC /* scoresData.json in Resources */,
				749017972B0A4BB2003968BC /* Assets.xcassets in Resources */,
				749017D82B0A8459003968BC /* schoolsData.json in Resources */,
			);
			runOnlyForDeploymentPostprocessing = 0;
		};
		7490179E2B0A4BB3003968BC /* Resources */ = {
			isa = PBXResourcesBuildPhase;
			buildActionMask = 2147483647;
			files = (
			);
			runOnlyForDeploymentPostprocessing = 0;
		};
		749017A82B0A4BB3003968BC /* Resources */ = {
			isa = PBXResourcesBuildPhase;
			buildActionMask = 2147483647;
			files = (
			);
			runOnlyForDeploymentPostprocessing = 0;
		};
/* End PBXResourcesBuildPhase section */

/* Begin PBXSourcesBuildPhase section */
		749017862B0A4BB0003968BC /* Sources */ = {
			isa = PBXSourcesBuildPhase;
			buildActionMask = 2147483647;
			files = (
				749017C52B0A52DE003968BC /* HomeViewCoordinator.swift in Sources */,
				749017D22B0A5EE5003968BC /* Localisation.swift in Sources */,
				749017CA2B0A55E5003968BC /* SwiftUICoordinator.swift in Sources */,
				749017C72B0A541C003968BC /* HomeView.swift in Sources */,
				749017922B0A4BB0003968BC /* HomeViewController.swift in Sources */,
				7490178E2B0A4BB0003968BC /* AppDelegate.swift in Sources */,
				749017C32B0A52CD003968BC /* HomeViewModel.swift in Sources */,
				749017902B0A4BB0003968BC /* SceneDelegate.swift in Sources */,
			);
			runOnlyForDeploymentPostprocessing = 0;
		};
		7490179C2B0A4BB3003968BC /* Sources */ = {
			isa = PBXSourcesBuildPhase;
			buildActionMask = 2147483647;
			files = (
				749017A52B0A4BB3003968BC /* NYC_SchoolsTests.swift in Sources */,
			);
			runOnlyForDeploymentPostprocessing = 0;
		};
		749017A62B0A4BB3003968BC /* Sources */ = {
			isa = PBXSourcesBuildPhase;
			buildActionMask = 2147483647;
			files = (
				749017AF2B0A4BB3003968BC /* NYC_SchoolsUITests.swift in Sources */,
				749017B12B0A4BB3003968BC /* NYC_SchoolsUITestsLaunchTests.swift in Sources */,
			);
			runOnlyForDeploymentPostprocessing = 0;
		};
/* End PBXSourcesBuildPhase section */

/* Begin PBXTargetDependency section */
		749017A22B0A4BB3003968BC /* PBXTargetDependency */ = {
			isa = PBXTargetDependency;
			target = 749017892B0A4BB0003968BC /* NYC-Schools */;
			targetProxy = 749017A12B0A4BB3003968BC /* PBXContainerItemProxy */;
		};
		749017AC2B0A4BB3003968BC /* PBXTargetDependency */ = {
			isa = PBXTargetDependency;
			target = 749017892B0A4BB0003968BC /* NYC-Schools */;
			targetProxy = 749017AB2B0A4BB3003968BC /* PBXContainerItemProxy */;
		};
/* End PBXTargetDependency section */

/* Begin PBXVariantGroup section */
		749017982B0A4BB2003968BC /* LaunchScreen.storyboard */ = {
			isa = PBXVariantGroup;
			children = (
				749017992B0A4BB2003968BC /* Base */,
			);
			name = LaunchScreen.storyboard;
			sourceTree = "<group>";
		};
		749017D02B0A58E8003968BC /* Localizable.strings */ = {
			isa = PBXVariantGroup;
			children = (
				749017CF2B0A58E8003968BC /* en */,
			);
			name = Localizable.strings;
			sourceTree = "<group>";
		};
/* End PBXVariantGroup section */

/* Begin XCBuildConfiguration section */
		749017B22B0A4BB3003968BC /* Debug */ = {
			isa = XCBuildConfiguration;
			buildSettings = {
				ALWAYS_SEARCH_USER_PATHS = NO;
				CLANG_ANALYZER_NONNULL = YES;
				CLANG_ANALYZER_NUMBER_OBJECT_CONVERSION = YES_AGGRESSIVE;
				CLANG_CXX_LANGUAGE_STANDARD = "gnu++20";
				CLANG_ENABLE_MODULES = YES;
				CLANG_ENABLE_OBJC_ARC = YES;
				CLANG_ENABLE_OBJC_WEAK = YES;
				CLANG_WARN_BLOCK_CAPTURE_AUTORELEASING = YES;
				CLANG_WARN_BOOL_CONVERSION = YES;
				CLANG_WARN_COMMA = YES;
				CLANG_WARN_CONSTANT_CONVERSION = YES;
				CLANG_WARN_DEPRECATED_OBJC_IMPLEMENTATIONS = YES;
				CLANG_WARN_DIRECT_OBJC_ISA_USAGE = YES_ERROR;
				CLANG_WARN_DOCUMENTATION_COMMENTS = YES;
				CLANG_WARN_EMPTY_BODY = YES;
				CLANG_WARN_ENUM_CONVERSION = YES;
				CLANG_WARN_INFINITE_RECURSION = YES;
				CLANG_WARN_INT_CONVERSION = YES;
				CLANG_WARN_NON_LITERAL_NULL_CONVERSION = YES;
				CLANG_WARN_OBJC_IMPLICIT_RETAIN_SELF = YES;
				CLANG_WARN_OBJC_LITERAL_CONVERSION = YES;
				CLANG_WARN_OBJC_ROOT_CLASS = YES_ERROR;
				CLANG_WARN_QUOTED_INCLUDE_IN_FRAMEWORK_HEADER = YES;
				CLANG_WARN_RANGE_LOOP_ANALYSIS = YES;
				CLANG_WARN_STRICT_PROTOTYPES = YES;
				CLANG_WARN_SUSPICIOUS_MOVE = YES;
				CLANG_WARN_UNGUARDED_AVAILABILITY = YES_AGGRESSIVE;
				CLANG_WARN_UNREACHABLE_CODE = YES;
				CLANG_WARN__DUPLICATE_METHOD_MATCH = YES;
				COPY_PHASE_STRIP = NO;
				DEBUG_INFORMATION_FORMAT = dwarf;
				ENABLE_STRICT_OBJC_MSGSEND = YES;
				ENABLE_TESTABILITY = YES;
				GCC_C_LANGUAGE_STANDARD = gnu11;
				GCC_DYNAMIC_NO_PIC = NO;
				GCC_NO_COMMON_BLOCKS = YES;
				GCC_OPTIMIZATION_LEVEL = 0;
				GCC_PREPROCESSOR_DEFINITIONS = (
					"DEBUG=1",
					"$(inherited)",
				);
				GCC_WARN_64_TO_32_BIT_CONVERSION = YES;
				GCC_WARN_ABOUT_RETURN_TYPE = YES_ERROR;
				GCC_WARN_UNDECLARED_SELECTOR = YES;
				GCC_WARN_UNINITIALIZED_AUTOS = YES_AGGRESSIVE;
				GCC_WARN_UNUSED_FUNCTION = YES;
				GCC_WARN_UNUSED_VARIABLE = YES;
				IPHONEOS_DEPLOYMENT_TARGET = 13.0;
				MTL_ENABLE_DEBUG_INFO = INCLUDE_SOURCE;
				MTL_FAST_MATH = YES;
				ONLY_ACTIVE_ARCH = YES;
				SDKROOT = iphoneos;
				SWIFT_ACTIVE_COMPILATION_CONDITIONS = DEBUG;
				SWIFT_OPTIMIZATION_LEVEL = "-Onone";
			};
			name = Debug;
		};
		749017B32B0A4BB3003968BC /* Release */ = {
			isa = XCBuildConfiguration;
			buildSettings = {
				ALWAYS_SEARCH_USER_PATHS = NO;
				CLANG_ANALYZER_NONNULL = YES;
				CLANG_ANALYZER_NUMBER_OBJECT_CONVERSION = YES_AGGRESSIVE;
				CLANG_CXX_LANGUAGE_STANDARD = "gnu++20";
				CLANG_ENABLE_MODULES = YES;
				CLANG_ENABLE_OBJC_ARC = YES;
				CLANG_ENABLE_OBJC_WEAK = YES;
				CLANG_WARN_BLOCK_CAPTURE_AUTORELEASING = YES;
				CLANG_WARN_BOOL_CONVERSION = YES;
				CLANG_WARN_COMMA = YES;
				CLANG_WARN_CONSTANT_CONVERSION = YES;
				CLANG_WARN_DEPRECATED_OBJC_IMPLEMENTATIONS = YES;
				CLANG_WARN_DIRECT_OBJC_ISA_USAGE = YES_ERROR;
				CLANG_WARN_DOCUMENTATION_COMMENTS = YES;
				CLANG_WARN_EMPTY_BODY = YES;
				CLANG_WARN_ENUM_CONVERSION = YES;
				CLANG_WARN_INFINITE_RECURSION = YES;
				CLANG_WARN_INT_CONVERSION = YES;
				CLANG_WARN_NON_LITERAL_NULL_CONVERSION = YES;
				CLANG_WARN_OBJC_IMPLICIT_RETAIN_SELF = YES;
				CLANG_WARN_OBJC_LITERAL_CONVERSION = YES;
				CLANG_WARN_OBJC_ROOT_CLASS = YES_ERROR;
				CLANG_WARN_QUOTED_INCLUDE_IN_FRAMEWORK_HEADER = YES;
				CLANG_WARN_RANGE_LOOP_ANALYSIS = YES;
				CLANG_WARN_STRICT_PROTOTYPES = YES;
				CLANG_WARN_SUSPICIOUS_MOVE = YES;
				CLANG_WARN_UNGUARDED_AVAILABILITY = YES_AGGRESSIVE;
				CLANG_WARN_UNREACHABLE_CODE = YES;
				CLANG_WARN__DUPLICATE_METHOD_MATCH = YES;
				COPY_PHASE_STRIP = NO;
				DEBUG_INFORMATION_FORMAT = "dwarf-with-dsym";
				ENABLE_NS_ASSERTIONS = NO;
				ENABLE_STRICT_OBJC_MSGSEND = YES;
				GCC_C_LANGUAGE_STANDARD = gnu11;
				GCC_NO_COMMON_BLOCKS = YES;
				GCC_WARN_64_TO_32_BIT_CONVERSION = YES;
				GCC_WARN_ABOUT_RETURN_TYPE = YES_ERROR;
				GCC_WARN_UNDECLARED_SELECTOR = YES;
				GCC_WARN_UNINITIALIZED_AUTOS = YES_AGGRESSIVE;
				GCC_WARN_UNUSED_FUNCTION = YES;
				GCC_WARN_UNUSED_VARIABLE = YES;
				IPHONEOS_DEPLOYMENT_TARGET = 13.0;
				MTL_ENABLE_DEBUG_INFO = NO;
				MTL_FAST_MATH = YES;
				SDKROOT = iphoneos;
				SWIFT_COMPILATION_MODE = wholemodule;
				SWIFT_OPTIMIZATION_LEVEL = "-O";
				VALIDATE_PRODUCT = YES;
			};
			name = Release;
		};
		749017B52B0A4BB3003968BC /* Debug */ = {
			isa = XCBuildConfiguration;
			buildSettings = {
				ASSETCATALOG_COMPILER_APPICON_NAME = AppIcon;
				ASSETCATALOG_COMPILER_GLOBAL_ACCENT_COLOR_NAME = AccentColor;
				CODE_SIGN_STYLE = Automatic;
				CURRENT_PROJECT_VERSION = 1;
				DEVELOPMENT_TEAM = LQKC4AQDB6;
				GENERATE_INFOPLIST_FILE = YES;
				INFOPLIST_FILE = "NYC-Schools/Info.plist";
				INFOPLIST_KEY_UIApplicationSupportsIndirectInputEvents = YES;
				INFOPLIST_KEY_UILaunchStoryboardName = LaunchScreen;
				INFOPLIST_KEY_UISupportedInterfaceOrientations_iPad = "UIInterfaceOrientationPortrait UIInterfaceOrientationPortraitUpsideDown UIInterfaceOrientationLandscapeLeft UIInterfaceOrientationLandscapeRight";
				INFOPLIST_KEY_UISupportedInterfaceOrientations_iPhone = "UIInterfaceOrientationPortrait UIInterfaceOrientationLandscapeLeft UIInterfaceOrientationLandscapeRight";
				IPHONEOS_DEPLOYMENT_TARGET = 13.0;
				LD_RUNPATH_SEARCH_PATHS = (
					"$(inherited)",
					"@executable_path/Frameworks",
				);
				MARKETING_VERSION = 1.0;
				PRODUCT_BUNDLE_IDENTIFIER = "com.NYC-Schools.NYC-Schools";
				PRODUCT_NAME = "$(TARGET_NAME)";
				SWIFT_EMIT_LOC_STRINGS = YES;
				SWIFT_VERSION = 5.0;
				TARGETED_DEVICE_FAMILY = "1,2";
			};
			name = Debug;
		};
		749017B62B0A4BB3003968BC /* Release */ = {
			isa = XCBuildConfiguration;
			buildSettings = {
				ASSETCATALOG_COMPILER_APPICON_NAME = AppIcon;
				ASSETCATALOG_COMPILER_GLOBAL_ACCENT_COLOR_NAME = AccentColor;
				CODE_SIGN_STYLE = Automatic;
				CURRENT_PROJECT_VERSION = 1;
				DEVELOPMENT_TEAM = LQKC4AQDB6;
				GENERATE_INFOPLIST_FILE = YES;
				INFOPLIST_FILE = "NYC-Schools/Info.plist";
				INFOPLIST_KEY_UIApplicationSupportsIndirectInputEvents = YES;
				INFOPLIST_KEY_UILaunchStoryboardName = LaunchScreen;
				INFOPLIST_KEY_UISupportedInterfaceOrientations_iPad = "UIInterfaceOrientationPortrait UIInterfaceOrientationPortraitUpsideDown UIInterfaceOrientationLandscapeLeft UIInterfaceOrientationLandscapeRight";
				INFOPLIST_KEY_UISupportedInterfaceOrientations_iPhone = "UIInterfaceOrientationPortrait UIInterfaceOrientationLandscapeLeft UIInterfaceOrientationLandscapeRight";
				IPHONEOS_DEPLOYMENT_TARGET = 13.0;
				LD_RUNPATH_SEARCH_PATHS = (
					"$(inherited)",
					"@executable_path/Frameworks",
				);
				MARKETING_VERSION = 1.0;
				PRODUCT_BUNDLE_IDENTIFIER = "com.NYC-Schools.NYC-Schools";
				PRODUCT_NAME = "$(TARGET_NAME)";
				SWIFT_EMIT_LOC_STRINGS = YES;
				SWIFT_VERSION = 5.0;
				TARGETED_DEVICE_FAMILY = "1,2";
			};
			name = Release;
		};
		749017B82B0A4BB3003968BC /* Debug */ = {
			isa = XCBuildConfiguration;
			buildSettings = {
				ALWAYS_EMBED_SWIFT_STANDARD_LIBRARIES = YES;
				BUNDLE_LOADER = "$(TEST_HOST)";
				CODE_SIGN_STYLE = Automatic;
				CURRENT_PROJECT_VERSION = 1;
				DEVELOPMENT_TEAM = LQKC4AQDB6;
				GENERATE_INFOPLIST_FILE = YES;
				IPHONEOS_DEPLOYMENT_TARGET = 16.1;
				MARKETING_VERSION = 1.0;
				PRODUCT_BUNDLE_IDENTIFIER = "com.NYC-Schools.NYC-SchoolsTests";
				PRODUCT_NAME = "$(TARGET_NAME)";
				SWIFT_EMIT_LOC_STRINGS = NO;
				SWIFT_VERSION = 5.0;
				TARGETED_DEVICE_FAMILY = "1,2";
				TEST_HOST = "$(BUILT_PRODUCTS_DIR)/NYC-Schools.app/$(BUNDLE_EXECUTABLE_FOLDER_PATH)/NYC-Schools";
			};
			name = Debug;
		};
		749017B92B0A4BB3003968BC /* Release */ = {
			isa = XCBuildConfiguration;
			buildSettings = {
				ALWAYS_EMBED_SWIFT_STANDARD_LIBRARIES = YES;
				BUNDLE_LOADER = "$(TEST_HOST)";
				CODE_SIGN_STYLE = Automatic;
				CURRENT_PROJECT_VERSION = 1;
				DEVELOPMENT_TEAM = LQKC4AQDB6;
				GENERATE_INFOPLIST_FILE = YES;
				IPHONEOS_DEPLOYMENT_TARGET = 16.1;
				MARKETING_VERSION = 1.0;
				PRODUCT_BUNDLE_IDENTIFIER = "com.NYC-Schools.NYC-SchoolsTests";
				PRODUCT_NAME = "$(TARGET_NAME)";
				SWIFT_EMIT_LOC_STRINGS = NO;
				SWIFT_VERSION = 5.0;
				TARGETED_DEVICE_FAMILY = "1,2";
				TEST_HOST = "$(BUILT_PRODUCTS_DIR)/NYC-Schools.app/$(BUNDLE_EXECUTABLE_FOLDER_PATH)/NYC-Schools";
			};
			name = Release;
		};
		749017BB2B0A4BB3003968BC /* Debug */ = {
			isa = XCBuildConfiguration;
			buildSettings = {
				ALWAYS_EMBED_SWIFT_STANDARD_LIBRARIES = YES;
				CODE_SIGN_STYLE = Automatic;
				CURRENT_PROJECT_VERSION = 1;
				DEVELOPMENT_TEAM = LQKC4AQDB6;
				GENERATE_INFOPLIST_FILE = YES;
				MARKETING_VERSION = 1.0;
				PRODUCT_BUNDLE_IDENTIFIER = "com.NYC-Schools.NYC-SchoolsUITests";
				PRODUCT_NAME = "$(TARGET_NAME)";
				SWIFT_EMIT_LOC_STRINGS = NO;
				SWIFT_VERSION = 5.0;
				TARGETED_DEVICE_FAMILY = "1,2";
				TEST_TARGET_NAME = "NYC-Schools";
			};
			name = Debug;
		};
		749017BC2B0A4BB3003968BC /* Release */ = {
			isa = XCBuildConfiguration;
			buildSettings = {
				ALWAYS_EMBED_SWIFT_STANDARD_LIBRARIES = YES;
				CODE_SIGN_STYLE = Automatic;
				CURRENT_PROJECT_VERSION = 1;
				DEVELOPMENT_TEAM = LQKC4AQDB6;
				GENERATE_INFOPLIST_FILE = YES;
				MARKETING_VERSION = 1.0;
				PRODUCT_BUNDLE_IDENTIFIER = "com.NYC-Schools.NYC-SchoolsUITests";
				PRODUCT_NAME = "$(TARGET_NAME)";
				SWIFT_EMIT_LOC_STRINGS = NO;
				SWIFT_VERSION = 5.0;
				TARGETED_DEVICE_FAMILY = "1,2";
				TEST_TARGET_NAME = "NYC-Schools";
			};
			name = Release;
		};
/* End XCBuildConfiguration section */

/* Begin XCConfigurationList section */
		749017852B0A4BB0003968BC /* Build configuration list for PBXProject "NYC-Schools" */ = {
			isa = XCConfigurationList;
			buildConfigurations = (
				749017B22B0A4BB3003968BC /* Debug */,
				749017B32B0A4BB3003968BC /* Release */,
			);
			defaultConfigurationIsVisible = 0;
			defaultConfigurationName = Release;
		};
		749017B42B0A4BB3003968BC /* Build configuration list for PBXNativeTarget "NYC-Schools" */ = {
			isa = XCConfigurationList;
			buildConfigurations = (
				749017B52B0A4BB3003968BC /* Debug */,
				749017B62B0A4BB3003968BC /* Release */,
			);
			defaultConfigurationIsVisible = 0;
			defaultConfigurationName = Release;
		};
		749017B72B0A4BB3003968BC /* Build configuration list for PBXNativeTarget "NYC-SchoolsTests" */ = {
			isa = XCConfigurationList;
			buildConfigurations = (
				749017B82B0A4BB3003968BC /* Debug */,
				749017B92B0A4BB3003968BC /* Release */,
			);
			defaultConfigurationIsVisible = 0;
			defaultConfigurationName = Release;
		};
		749017BA2B0A4BB3003968BC /* Build configuration list for PBXNativeTarget "NYC-SchoolsUITests" */ = {
			isa = XCConfigurationList;
			buildConfigurations = (
				749017BB2B0A4BB3003968BC /* Debug */,
				749017BC2B0A4BB3003968BC /* Release */,
			);
			defaultConfigurationIsVisible = 0;
			defaultConfigurationName = Release;
		};
/* End XCConfigurationList section */
	};
	rootObject = 749017822B0A4BB0003968BC /* Project object */;
}
